
Microsoft Visual Studio Solution File, Format Version 12.00
# Visual Studio 15
VisualStudioVersion = 15.0.28307.168
MinimumVisualStudioVersion = 10.0.40219.1
Project("{FAE04EC0-301F-11D3-BF4B-00C04F79EFBC}") = "ParserCSVFiles", "ParserCSVFiles\ParserCSVFiles.csproj", "{05D2E795-A227-4832-8CFD-84F73048A065}"
EndProject
Project("{FAE04EC0-301F-11D3-BF4B-00C04F79EFBC}") = "ParserCSVFilesTests", "ParserCSVFilesTests\ParserCSVFilesTests.csproj", "{AF9DDF2C-FB6A-48CF-BCFD-92DFEAE31590}"
EndProject
Global
	GlobalSection(SolutionConfigurationPlatforms) = preSolution
		Debug|Any CPU = Debug|Any CPU
		Release|Any CPU = Release|Any CPU
	EndGlobalSection
	GlobalSection(ProjectConfigurationPlatforms) = postSolution
		{05D2E795-A227-4832-8CFD-84F73048A065}.Debug|Any CPU.ActiveCfg = Debug|Any CPU
		{05D2E795-A227-4832-8CFD-84F73048A065}.Debug|Any CPU.Build.0 = Debug|Any CPU
		{05D2E795-A227-4832-8CFD-84F73048A065}.Release|Any CPU.ActiveCfg = Release|Any CPU
		{05D2E795-A227-4832-8CFD-84F73048A065}.Release|Any CPU.Build.0 = Release|Any CPU
		{AF9DDF2C-FB6A-48CF-BCFD-92DFEAE31590}.Debug|Any CPU.ActiveCfg = Debug|Any CPU
		{AF9DDF2C-FB6A-48CF-BCFD-92DFEAE31590}.Debug|Any CPU.Build.0 = Debug|Any CPU
		{AF9DDF2C-FB6A-48CF-BCFD-92DFEAE31590}.Release|Any CPU.ActiveCfg = Release|Any CPU
		{AF9DDF2C-FB6A-48CF-BCFD-92DFEAE31590}.Release|Any CPU.Build.0 = Release|Any CPU
	EndGlobalSection
	GlobalSection(SolutionProperties) = preSolution
		HideSolutionNode = FALSE
	EndGlobalSection
	GlobalSection(ExtensibilityGlobals) = postSolution
		SolutionGuid = {6E230D80-C95F-47F3-BA32-0C369F9FA886}
	EndGlobalSection
EndGlobal
